
Microsoft Visual Studio Solution File, Format Version 11.00
# Visual Studio 2010
Project("{FAE04EC0-301F-11D3-BF4B-00C04F79EFBC}") = "SimNet", "SimNet.dll\SimNet.csproj", "{2A9B10FE-D1FE-4ED0-BF6A-9ABC84456A52}"
EndProject
Project("{FAE04EC0-301F-11D3-BF4B-00C04F79EFBC}") = "Enhancer", "Enhancer\Enhancer.csproj", "{E3BA64BF-433C-4F7D-A967-95EE7767722D}"
EndProject
Project("{FAE04EC0-301F-11D3-BF4B-00C04F79EFBC}") = "SimNetUI.ModelLogic", "SimNetUI.ModelLogic\SimNetUI.ModelLogic.csproj", "{3F1C88C3-26E7-44F3-A677-9BFC95D37C27}"
EndProject
Project("{FAE04EC0-301F-11D3-BF4B-00C04F79EFBC}") = "SimNetUI", "SimNetUI.View\SimNetUI.csproj", "{64EE47D2-B4FC-4186-BEF6-B36E81199103}"
EndProject
Project("{FAE04EC0-301F-11D3-BF4B-00C04F79EFBC}") = "SimNetUI.VisualStudio.Design", "SimNetUI.View.VisualStudio.Design\SimNetUI.VisualStudio.Design.csproj", "{F110B6AC-793F-4869-B11B-AA2DF6CB9F86}"
EndProject
Project("{FAE04EC0-301F-11D3-BF4B-00C04F79EFBC}") = "SimNetUI.ProjectTemplate", "SimNetUI.ProjectTemplate\SimNetUI.ProjectTemplate.csproj", "{1DE67EA0-9CCF-4B6F-85D5-3FCE0C98ADA5}"
EndProject
Project("{FAE04EC0-301F-11D3-BF4B-00C04F79EFBC}") = "SimNetUI.ProjectTemplate.Setup", "SimNetUI.ProjectTemplate.Setup\SimNetUI.ProjectTemplate.Setup.csproj", "{B0314243-66E0-41AA-8A88-007D576C7630}"
EndProject
Project("{FAE04EC0-301F-11D3-BF4B-00C04F79EFBC}") = "Example.PhoneCell", "Example.PhoneCell\Example.PhoneCell.csproj", "{624B2A93-9F9E-4888-BA94-2FD7B8F08E27}"
EndProject
Project("{FAE04EC0-301F-11D3-BF4B-00C04F79EFBC}") = "Example.MarketPlace", "Example.MarketPlace\Example.MarketPlace.csproj", "{852ADD80-9A12-4BE2-AA66-E56B42D5491D}"
EndProject
Project("{FAE04EC0-301F-11D3-BF4B-00C04F79EFBC}") = "Example.Test", "Example.Test\Example.Test.csproj", "{910BEB1F-BB90-41ED-AE0D-B8ED455E7502}"
EndProject
Global
	GlobalSection(SolutionConfigurationPlatforms) = preSolution
		Debug|Any CPU = Debug|Any CPU
		Debug|Mixed Platforms = Debug|Mixed Platforms
		Debug|x86 = Debug|x86
		DebugEnhance|Any CPU = DebugEnhance|Any CPU
		DebugEnhance|Mixed Platforms = DebugEnhance|Mixed Platforms
		DebugEnhance|x86 = DebugEnhance|x86
		Release|Any CPU = Release|Any CPU
		Release|Mixed Platforms = Release|Mixed Platforms
		Release|x86 = Release|x86
		ReleaseEnhance|Any CPU = ReleaseEnhance|Any CPU
		ReleaseEnhance|Mixed Platforms = ReleaseEnhance|Mixed Platforms
		ReleaseEnhance|x86 = ReleaseEnhance|x86
	EndGlobalSection
	GlobalSection(ProjectConfigurationPlatforms) = postSolution
		{2A9B10FE-D1FE-4ED0-BF6A-9ABC84456A52}.Debug|Any CPU.ActiveCfg = Debug|Any CPU
		{2A9B10FE-D1FE-4ED0-BF6A-9ABC84456A52}.Debug|Any CPU.Build.0 = Debug|Any CPU
		{2A9B10FE-D1FE-4ED0-BF6A-9ABC84456A52}.Debug|Mixed Platforms.ActiveCfg = Debug|Any CPU
		{2A9B10FE-D1FE-4ED0-BF6A-9ABC84456A52}.Debug|Mixed Platforms.Build.0 = Debug|Any CPU
		{2A9B10FE-D1FE-4ED0-BF6A-9ABC84456A52}.Debug|x86.ActiveCfg = Debug|Any CPU
		{2A9B10FE-D1FE-4ED0-BF6A-9ABC84456A52}.DebugEnhance|Any CPU.ActiveCfg = Debug|Any CPU
		{2A9B10FE-D1FE-4ED0-BF6A-9ABC84456A52}.DebugEnhance|Any CPU.Build.0 = Debug|Any CPU
		{2A9B10FE-D1FE-4ED0-BF6A-9ABC84456A52}.DebugEnhance|Mixed Platforms.ActiveCfg = Debug|Any CPU
		{2A9B10FE-D1FE-4ED0-BF6A-9ABC84456A52}.DebugEnhance|Mixed Platforms.Build.0 = Debug|Any CPU
		{2A9B10FE-D1FE-4ED0-BF6A-9ABC84456A52}.DebugEnhance|x86.ActiveCfg = Debug|Any CPU
		{2A9B10FE-D1FE-4ED0-BF6A-9ABC84456A52}.Release|Any CPU.ActiveCfg = Release|Any CPU
		{2A9B10FE-D1FE-4ED0-BF6A-9ABC84456A52}.Release|Any CPU.Build.0 = Release|Any CPU
		{2A9B10FE-D1FE-4ED0-BF6A-9ABC84456A52}.Release|Mixed Platforms.ActiveCfg = Release|Any CPU
		{2A9B10FE-D1FE-4ED0-BF6A-9ABC84456A52}.Release|Mixed Platforms.Build.0 = Release|Any CPU
		{2A9B10FE-D1FE-4ED0-BF6A-9ABC84456A52}.Release|x86.ActiveCfg = Release|Any CPU
		{2A9B10FE-D1FE-4ED0-BF6A-9ABC84456A52}.ReleaseEnhance|Any CPU.ActiveCfg = Release|Any CPU
		{2A9B10FE-D1FE-4ED0-BF6A-9ABC84456A52}.ReleaseEnhance|Any CPU.Build.0 = Release|Any CPU
		{2A9B10FE-D1FE-4ED0-BF6A-9ABC84456A52}.ReleaseEnhance|Mixed Platforms.ActiveCfg = Release|Any CPU
		{2A9B10FE-D1FE-4ED0-BF6A-9ABC84456A52}.ReleaseEnhance|Mixed Platforms.Build.0 = Release|Any CPU
		{2A9B10FE-D1FE-4ED0-BF6A-9ABC84456A52}.ReleaseEnhance|x86.ActiveCfg = Release|Any CPU
		{E3BA64BF-433C-4F7D-A967-95EE7767722D}.Debug|Any CPU.ActiveCfg = Debug|Any CPU
		{E3BA64BF-433C-4F7D-A967-95EE7767722D}.Debug|Any CPU.Build.0 = Debug|Any CPU
		{E3BA64BF-433C-4F7D-A967-95EE7767722D}.Debug|Mixed Platforms.ActiveCfg = Debug|Any CPU
		{E3BA64BF-433C-4F7D-A967-95EE7767722D}.Debug|Mixed Platforms.Build.0 = Debug|Any CPU
		{E3BA64BF-433C-4F7D-A967-95EE7767722D}.Debug|x86.ActiveCfg = Debug|Any CPU
		{E3BA64BF-433C-4F7D-A967-95EE7767722D}.DebugEnhance|Any CPU.ActiveCfg = Debug|Any CPU
		{E3BA64BF-433C-4F7D-A967-95EE7767722D}.DebugEnhance|Any CPU.Build.0 = Debug|Any CPU
		{E3BA64BF-433C-4F7D-A967-95EE7767722D}.DebugEnhance|Mixed Platforms.ActiveCfg = Debug|Any CPU
		{E3BA64BF-433C-4F7D-A967-95EE7767722D}.DebugEnhance|Mixed Platforms.Build.0 = Debug|Any CPU
		{E3BA64BF-433C-4F7D-A967-95EE7767722D}.DebugEnhance|x86.ActiveCfg = Debug|Any CPU
		{E3BA64BF-433C-4F7D-A967-95EE7767722D}.Release|Any CPU.ActiveCfg = Release|Any CPU
		{E3BA64BF-433C-4F7D-A967-95EE7767722D}.Release|Any CPU.Build.0 = Release|Any CPU
		{E3BA64BF-433C-4F7D-A967-95EE7767722D}.Release|Mixed Platforms.ActiveCfg = Release|Any CPU
		{E3BA64BF-433C-4F7D-A967-95EE7767722D}.Release|Mixed Platforms.Build.0 = Release|Any CPU
		{E3BA64BF-433C-4F7D-A967-95EE7767722D}.Release|x86.ActiveCfg = Release|Any CPU
		{E3BA64BF-433C-4F7D-A967-95EE7767722D}.ReleaseEnhance|Any CPU.ActiveCfg = Release|Any CPU
		{E3BA64BF-433C-4F7D-A967-95EE7767722D}.ReleaseEnhance|Any CPU.Build.0 = Release|Any CPU
		{E3BA64BF-433C-4F7D-A967-95EE7767722D}.ReleaseEnhance|Mixed Platforms.ActiveCfg = Release|Any CPU
		{E3BA64BF-433C-4F7D-A967-95EE7767722D}.ReleaseEnhance|Mixed Platforms.Build.0 = Release|Any CPU
		{E3BA64BF-433C-4F7D-A967-95EE7767722D}.ReleaseEnhance|x86.ActiveCfg = Release|Any CPU
		{3F1C88C3-26E7-44F3-A677-9BFC95D37C27}.Debug|Any CPU.ActiveCfg = Debug|x86
		{3F1C88C3-26E7-44F3-A677-9BFC95D37C27}.Debug|Mixed Platforms.ActiveCfg = Debug|x86
		{3F1C88C3-26E7-44F3-A677-9BFC95D37C27}.Debug|Mixed Platforms.Build.0 = Debug|x86
		{3F1C88C3-26E7-44F3-A677-9BFC95D37C27}.Debug|x86.ActiveCfg = Debug|x86
		{3F1C88C3-26E7-44F3-A677-9BFC95D37C27}.Debug|x86.Build.0 = Debug|x86
		{3F1C88C3-26E7-44F3-A677-9BFC95D37C27}.DebugEnhance|Any CPU.ActiveCfg = DebugEnhance|x86
		{3F1C88C3-26E7-44F3-A677-9BFC95D37C27}.DebugEnhance|Mixed Platforms.ActiveCfg = DebugEnhance|x86
		{3F1C88C3-26E7-44F3-A677-9BFC95D37C27}.DebugEnhance|Mixed Platforms.Build.0 = DebugEnhance|x86
		{3F1C88C3-26E7-44F3-A677-9BFC95D37C27}.DebugEnhance|x86.ActiveCfg = DebugEnhance|x86
		{3F1C88C3-26E7-44F3-A677-9BFC95D37C27}.DebugEnhance|x86.Build.0 = DebugEnhance|x86
		{3F1C88C3-26E7-44F3-A677-9BFC95D37C27}.Release|Any CPU.ActiveCfg = Release|x86
		{3F1C88C3-26E7-44F3-A677-9BFC95D37C27}.Release|Mixed Platforms.ActiveCfg = Release|x86
		{3F1C88C3-26E7-44F3-A677-9BFC95D37C27}.Release|Mixed Platforms.Build.0 = Release|x86
		{3F1C88C3-26E7-44F3-A677-9BFC95D37C27}.Release|x86.ActiveCfg = Release|x86
		{3F1C88C3-26E7-44F3-A677-9BFC95D37C27}.Release|x86.Build.0 = Release|x86
		{3F1C88C3-26E7-44F3-A677-9BFC95D37C27}.ReleaseEnhance|Any CPU.ActiveCfg = ReleaseEnhance|x86
		{3F1C88C3-26E7-44F3-A677-9BFC95D37C27}.ReleaseEnhance|Mixed Platforms.ActiveCfg = ReleaseEnhance|x86
		{3F1C88C3-26E7-44F3-A677-9BFC95D37C27}.ReleaseEnhance|Mixed Platforms.Build.0 = ReleaseEnhance|x86
		{3F1C88C3-26E7-44F3-A677-9BFC95D37C27}.ReleaseEnhance|x86.ActiveCfg = ReleaseEnhance|x86
		{3F1C88C3-26E7-44F3-A677-9BFC95D37C27}.ReleaseEnhance|x86.Build.0 = ReleaseEnhance|x86
		{64EE47D2-B4FC-4186-BEF6-B36E81199103}.Debug|Any CPU.ActiveCfg = Debug|Any CPU
		{64EE47D2-B4FC-4186-BEF6-B36E81199103}.Debug|Any CPU.Build.0 = Debug|Any CPU
		{64EE47D2-B4FC-4186-BEF6-B36E81199103}.Debug|Mixed Platforms.ActiveCfg = Debug|Any CPU
		{64EE47D2-B4FC-4186-BEF6-B36E81199103}.Debug|Mixed Platforms.Build.0 = Debug|Any CPU
		{64EE47D2-B4FC-4186-BEF6-B36E81199103}.Debug|x86.ActiveCfg = Debug|Any CPU
		{64EE47D2-B4FC-4186-BEF6-B36E81199103}.DebugEnhance|Any CPU.ActiveCfg = Debug|Any CPU
		{64EE47D2-B4FC-4186-BEF6-B36E81199103}.DebugEnhance|Any CPU.Build.0 = Debug|Any CPU
		{64EE47D2-B4FC-4186-BEF6-B36E81199103}.DebugEnhance|Mixed Platforms.ActiveCfg = Debug|Any CPU
		{64EE47D2-B4FC-4186-BEF6-B36E81199103}.DebugEnhance|Mixed Platforms.Build.0 = Debug|Any CPU
		{64EE47D2-B4FC-4186-BEF6-B36E81199103}.DebugEnhance|x86.ActiveCfg = Debug|Any CPU
		{64EE47D2-B4FC-4186-BEF6-B36E81199103}.Release|Any CPU.ActiveCfg = Release|Any CPU
		{64EE47D2-B4FC-4186-BEF6-B36E81199103}.Release|Any CPU.Build.0 = Release|Any CPU
		{64EE47D2-B4FC-4186-BEF6-B36E81199103}.Release|Mixed Platforms.ActiveCfg = Release|Any CPU
		{64EE47D2-B4FC-4186-BEF6-B36E81199103}.Release|Mixed Platforms.Build.0 = Release|Any CPU
		{64EE47D2-B4FC-4186-BEF6-B36E81199103}.Release|x86.ActiveCfg = Release|Any CPU
		{64EE47D2-B4FC-4186-BEF6-B36E81199103}.ReleaseEnhance|Any CPU.ActiveCfg = Release|Any CPU
		{64EE47D2-B4FC-4186-BEF6-B36E81199103}.ReleaseEnhance|Any CPU.Build.0 = Release|Any CPU
		{64EE47D2-B4FC-4186-BEF6-B36E81199103}.ReleaseEnhance|Mixed Platforms.ActiveCfg = Release|Any CPU
		{64EE47D2-B4FC-4186-BEF6-B36E81199103}.ReleaseEnhance|Mixed Platforms.Build.0 = Release|Any CPU
		{64EE47D2-B4FC-4186-BEF6-B36E81199103}.ReleaseEnhance|x86.ActiveCfg = Release|Any CPU
		{F110B6AC-793F-4869-B11B-AA2DF6CB9F86}.Debug|Any CPU.ActiveCfg = Debug|Any CPU
		{F110B6AC-793F-4869-B11B-AA2DF6CB9F86}.Debug|Any CPU.Build.0 = Debug|Any CPU
		{F110B6AC-793F-4869-B11B-AA2DF6CB9F86}.Debug|Mixed Platforms.ActiveCfg = Debug|Any CPU
		{F110B6AC-793F-4869-B11B-AA2DF6CB9F86}.Debug|Mixed Platforms.Build.0 = Debug|Any CPU
		{F110B6AC-793F-4869-B11B-AA2DF6CB9F86}.Debug|x86.ActiveCfg = Debug|Any CPU
		{F110B6AC-793F-4869-B11B-AA2DF6CB9F86}.DebugEnhance|Any CPU.ActiveCfg = Debug|Any CPU
		{F110B6AC-793F-4869-B11B-AA2DF6CB9F86}.DebugEnhance|Any CPU.Build.0 = Debug|Any CPU
		{F110B6AC-793F-4869-B11B-AA2DF6CB9F86}.DebugEnhance|Mixed Platforms.ActiveCfg = Debug|Any CPU
		{F110B6AC-793F-4869-B11B-AA2DF6CB9F86}.DebugEnhance|Mixed Platforms.Build.0 = Debug|Any CPU
		{F110B6AC-793F-4869-B11B-AA2DF6CB9F86}.DebugEnhance|x86.ActiveCfg = Debug|Any CPU
		{F110B6AC-793F-4869-B11B-AA2DF6CB9F86}.Release|Any CPU.ActiveCfg = Release|Any CPU
		{F110B6AC-793F-4869-B11B-AA2DF6CB9F86}.Release|Any CPU.Build.0 = Release|Any CPU
		{F110B6AC-793F-4869-B11B-AA2DF6CB9F86}.Release|Mixed Platforms.ActiveCfg = Release|Any CPU
		{F110B6AC-793F-4869-B11B-AA2DF6CB9F86}.Release|Mixed Platforms.Build.0 = Release|Any CPU
		{F110B6AC-793F-4869-B11B-AA2DF6CB9F86}.Release|x86.ActiveCfg = Release|Any CPU
		{F110B6AC-793F-4869-B11B-AA2DF6CB9F86}.ReleaseEnhance|Any CPU.ActiveCfg = Release|Any CPU
		{F110B6AC-793F-4869-B11B-AA2DF6CB9F86}.ReleaseEnhance|Any CPU.Build.0 = Release|Any CPU
		{F110B6AC-793F-4869-B11B-AA2DF6CB9F86}.ReleaseEnhance|Mixed Platforms.ActiveCfg = Release|Any CPU
		{F110B6AC-793F-4869-B11B-AA2DF6CB9F86}.ReleaseEnhance|Mixed Platforms.Build.0 = Release|Any CPU
		{F110B6AC-793F-4869-B11B-AA2DF6CB9F86}.ReleaseEnhance|x86.ActiveCfg = Release|Any CPU
		{1DE67EA0-9CCF-4B6F-85D5-3FCE0C98ADA5}.Debug|Any CPU.ActiveCfg = Debug|Any CPU
		{1DE67EA0-9CCF-4B6F-85D5-3FCE0C98ADA5}.Debug|Any CPU.Build.0 = Debug|Any CPU
		{1DE67EA0-9CCF-4B6F-85D5-3FCE0C98ADA5}.Debug|Mixed Platforms.ActiveCfg = Debug|Any CPU
		{1DE67EA0-9CCF-4B6F-85D5-3FCE0C98ADA5}.Debug|Mixed Platforms.Build.0 = Debug|Any CPU
		{1DE67EA0-9CCF-4B6F-85D5-3FCE0C98ADA5}.Debug|x86.ActiveCfg = Debug|Any CPU
		{1DE67EA0-9CCF-4B6F-85D5-3FCE0C98ADA5}.DebugEnhance|Any CPU.ActiveCfg = Debug|Any CPU
		{1DE67EA0-9CCF-4B6F-85D5-3FCE0C98ADA5}.DebugEnhance|Any CPU.Build.0 = Debug|Any CPU
		{1DE67EA0-9CCF-4B6F-85D5-3FCE0C98ADA5}.DebugEnhance|Mixed Platforms.ActiveCfg = Debug|Any CPU
		{1DE67EA0-9CCF-4B6F-85D5-3FCE0C98ADA5}.DebugEnhance|Mixed Platforms.Build.0 = Debug|Any CPU
		{1DE67EA0-9CCF-4B6F-85D5-3FCE0C98ADA5}.DebugEnhance|x86.ActiveCfg = Debug|Any CPU
		{1DE67EA0-9CCF-4B6F-85D5-3FCE0C98ADA5}.Release|Any CPU.ActiveCfg = Release|Any CPU
		{1DE67EA0-9CCF-4B6F-85D5-3FCE0C98ADA5}.Release|Any CPU.Build.0 = Release|Any CPU
		{1DE67EA0-9CCF-4B6F-85D5-3FCE0C98ADA5}.Release|Mixed Platforms.ActiveCfg = Release|Any CPU
		{1DE67EA0-9CCF-4B6F-85D5-3FCE0C98ADA5}.Release|Mixed Platforms.Build.0 = Release|Any CPU
		{1DE67EA0-9CCF-4B6F-85D5-3FCE0C98ADA5}.Release|x86.ActiveCfg = Release|Any CPU
		{1DE67EA0-9CCF-4B6F-85D5-3FCE0C98ADA5}.ReleaseEnhance|Any CPU.ActiveCfg = Release|Any CPU
		{1DE67EA0-9CCF-4B6F-85D5-3FCE0C98ADA5}.ReleaseEnhance|Any CPU.Build.0 = Release|Any CPU
		{1DE67EA0-9CCF-4B6F-85D5-3FCE0C98ADA5}.ReleaseEnhance|Mixed Platforms.ActiveCfg = Release|Any CPU
		{1DE67EA0-9CCF-4B6F-85D5-3FCE0C98ADA5}.ReleaseEnhance|Mixed Platforms.Build.0 = Release|Any CPU
		{1DE67EA0-9CCF-4B6F-85D5-3FCE0C98ADA5}.ReleaseEnhance|x86.ActiveCfg = Release|Any CPU
		{B0314243-66E0-41AA-8A88-007D576C7630}.Debug|Any CPU.ActiveCfg = Debug|Any CPU
		{B0314243-66E0-41AA-8A88-007D576C7630}.Debug|Any CPU.Build.0 = Debug|Any CPU
		{B0314243-66E0-41AA-8A88-007D576C7630}.Debug|Mixed Platforms.ActiveCfg = Debug|Any CPU
		{B0314243-66E0-41AA-8A88-007D576C7630}.Debug|Mixed Platforms.Build.0 = Debug|Any CPU
		{B0314243-66E0-41AA-8A88-007D576C7630}.Debug|x86.ActiveCfg = Debug|Any CPU
		{B0314243-66E0-41AA-8A88-007D576C7630}.DebugEnhance|Any CPU.ActiveCfg = Debug|Any CPU
		{B0314243-66E0-41AA-8A88-007D576C7630}.DebugEnhance|Any CPU.Build.0 = Debug|Any CPU
		{B0314243-66E0-41AA-8A88-007D576C7630}.DebugEnhance|Mixed Platforms.ActiveCfg = Debug|Any CPU
		{B0314243-66E0-41AA-8A88-007D576C7630}.DebugEnhance|Mixed Platforms.Build.0 = Debug|Any CPU
		{B0314243-66E0-41AA-8A88-007D576C7630}.DebugEnhance|x86.ActiveCfg = Debug|Any CPU
		{B0314243-66E0-41AA-8A88-007D576C7630}.Release|Any CPU.ActiveCfg = Release|Any CPU
		{B0314243-66E0-41AA-8A88-007D576C7630}.Release|Any CPU.Build.0 = Release|Any CPU
		{B0314243-66E0-41AA-8A88-007D576C7630}.Release|Mixed Platforms.ActiveCfg = Release|Any CPU
		{B0314243-66E0-41AA-8A88-007D576C7630}.Release|Mixed Platforms.Build.0 = Release|Any CPU
		{B0314243-66E0-41AA-8A88-007D576C7630}.Release|x86.ActiveCfg = Release|Any CPU
		{B0314243-66E0-41AA-8A88-007D576C7630}.ReleaseEnhance|Any CPU.ActiveCfg = Release|Any CPU
		{B0314243-66E0-41AA-8A88-007D576C7630}.ReleaseEnhance|Any CPU.Build.0 = Release|Any CPU
		{B0314243-66E0-41AA-8A88-007D576C7630}.ReleaseEnhance|Mixed Platforms.ActiveCfg = Release|Any CPU
		{B0314243-66E0-41AA-8A88-007D576C7630}.ReleaseEnhance|Mixed Platforms.Build.0 = Release|Any CPU
		{B0314243-66E0-41AA-8A88-007D576C7630}.ReleaseEnhance|x86.ActiveCfg = Release|Any CPU
		{624B2A93-9F9E-4888-BA94-2FD7B8F08E27}.Debug|Any CPU.ActiveCfg = Debug|x86
		{624B2A93-9F9E-4888-BA94-2FD7B8F08E27}.Debug|Mixed Platforms.ActiveCfg = Debug|x86
		{624B2A93-9F9E-4888-BA94-2FD7B8F08E27}.Debug|Mixed Platforms.Build.0 = Debug|x86
		{624B2A93-9F9E-4888-BA94-2FD7B8F08E27}.Debug|x86.ActiveCfg = Debug|x86
		{624B2A93-9F9E-4888-BA94-2FD7B8F08E27}.Debug|x86.Build.0 = Debug|x86
		{624B2A93-9F9E-4888-BA94-2FD7B8F08E27}.DebugEnhance|Any CPU.ActiveCfg = Debug|x86
		{624B2A93-9F9E-4888-BA94-2FD7B8F08E27}.DebugEnhance|Mixed Platforms.ActiveCfg = Debug|x86
		{624B2A93-9F9E-4888-BA94-2FD7B8F08E27}.DebugEnhance|Mixed Platforms.Build.0 = Debug|x86
		{624B2A93-9F9E-4888-BA94-2FD7B8F08E27}.DebugEnhance|x86.ActiveCfg = Debug|x86
		{624B2A93-9F9E-4888-BA94-2FD7B8F08E27}.DebugEnhance|x86.Build.0 = Debug|x86
		{624B2A93-9F9E-4888-BA94-2FD7B8F08E27}.Release|Any CPU.ActiveCfg = Release|x86
		{624B2A93-9F9E-4888-BA94-2FD7B8F08E27}.Release|Mixed Platforms.ActiveCfg = Release|x86
		{624B2A93-9F9E-4888-BA94-2FD7B8F08E27}.Release|Mixed Platforms.Build.0 = Release|x86
		{624B2A93-9F9E-4888-BA94-2FD7B8F08E27}.Release|x86.ActiveCfg = Release|x86
		{624B2A93-9F9E-4888-BA94-2FD7B8F08E27}.Release|x86.Build.0 = Release|x86
		{624B2A93-9F9E-4888-BA94-2FD7B8F08E27}.ReleaseEnhance|Any CPU.ActiveCfg = Release|x86
		{624B2A93-9F9E-4888-BA94-2FD7B8F08E27}.ReleaseEnhance|Mixed Platforms.ActiveCfg = Release|x86
		{624B2A93-9F9E-4888-BA94-2FD7B8F08E27}.ReleaseEnhance|Mixed Platforms.Build.0 = Release|x86
		{624B2A93-9F9E-4888-BA94-2FD7B8F08E27}.ReleaseEnhance|x86.ActiveCfg = Release|x86
		{624B2A93-9F9E-4888-BA94-2FD7B8F08E27}.ReleaseEnhance|x86.Build.0 = Release|x86
		{852ADD80-9A12-4BE2-AA66-E56B42D5491D}.Debug|Any CPU.ActiveCfg = Debug|x86
		{852ADD80-9A12-4BE2-AA66-E56B42D5491D}.Debug|Mixed Platforms.ActiveCfg = Debug|x86
		{852ADD80-9A12-4BE2-AA66-E56B42D5491D}.Debug|Mixed Platforms.Build.0 = Debug|x86
		{852ADD80-9A12-4BE2-AA66-E56B42D5491D}.Debug|x86.ActiveCfg = Debug|x86
		{852ADD80-9A12-4BE2-AA66-E56B42D5491D}.Debug|x86.Build.0 = Debug|x86
		{852ADD80-9A12-4BE2-AA66-E56B42D5491D}.DebugEnhance|Any CPU.ActiveCfg = Debug|x86
		{852ADD80-9A12-4BE2-AA66-E56B42D5491D}.DebugEnhance|Mixed Platforms.ActiveCfg = Debug|x86
		{852ADD80-9A12-4BE2-AA66-E56B42D5491D}.DebugEnhance|Mixed Platforms.Build.0 = Debug|x86
		{852ADD80-9A12-4BE2-AA66-E56B42D5491D}.DebugEnhance|x86.ActiveCfg = Debug|x86
		{852ADD80-9A12-4BE2-AA66-E56B42D5491D}.DebugEnhance|x86.Build.0 = Debug|x86
		{852ADD80-9A12-4BE2-AA66-E56B42D5491D}.Release|Any CPU.ActiveCfg = Release|x86
		{852ADD80-9A12-4BE2-AA66-E56B42D5491D}.Release|Mixed Platforms.ActiveCfg = Release|x86
		{852ADD80-9A12-4BE2-AA66-E56B42D5491D}.Release|Mixed Platforms.Build.0 = Release|x86
		{852ADD80-9A12-4BE2-AA66-E56B42D5491D}.Release|x86.ActiveCfg = Release|x86
		{852ADD80-9A12-4BE2-AA66-E56B42D5491D}.Release|x86.Build.0 = Release|x86
		{852ADD80-9A12-4BE2-AA66-E56B42D5491D}.ReleaseEnhance|Any CPU.ActiveCfg = Release|x86
		{852ADD80-9A12-4BE2-AA66-E56B42D5491D}.ReleaseEnhance|Mixed Platforms.ActiveCfg = Release|x86
		{852ADD80-9A12-4BE2-AA66-E56B42D5491D}.ReleaseEnhance|Mixed Platforms.Build.0 = Release|x86
		{852ADD80-9A12-4BE2-AA66-E56B42D5491D}.ReleaseEnhance|x86.ActiveCfg = Release|x86
		{852ADD80-9A12-4BE2-AA66-E56B42D5491D}.ReleaseEnhance|x86.Build.0 = Release|x86
		{910BEB1F-BB90-41ED-AE0D-B8ED455E7502}.Debug|Any CPU.ActiveCfg = Debug|x86
		{910BEB1F-BB90-41ED-AE0D-B8ED455E7502}.Debug|Mixed Platforms.ActiveCfg = Debug|x86
		{910BEB1F-BB90-41ED-AE0D-B8ED455E7502}.Debug|Mixed Platforms.Build.0 = Debug|x86
		{910BEB1F-BB90-41ED-AE0D-B8ED455E7502}.Debug|x86.ActiveCfg = Debug|x86
		{910BEB1F-BB90-41ED-AE0D-B8ED455E7502}.Debug|x86.Build.0 = Debug|x86
		{910BEB1F-BB90-41ED-AE0D-B8ED455E7502}.DebugEnhance|Any CPU.ActiveCfg = Debug|x86
		{910BEB1F-BB90-41ED-AE0D-B8ED455E7502}.DebugEnhance|Mixed Platforms.ActiveCfg = Debug|x86
		{910BEB1F-BB90-41ED-AE0D-B8ED455E7502}.DebugEnhance|Mixed Platforms.Build.0 = Debug|x86
		{910BEB1F-BB90-41ED-AE0D-B8ED455E7502}.DebugEnhance|x86.ActiveCfg = Debug|x86
		{910BEB1F-BB90-41ED-AE0D-B8ED455E7502}.DebugEnhance|x86.Build.0 = Debug|x86
		{910BEB1F-BB90-41ED-AE0D-B8ED455E7502}.Release|Any CPU.ActiveCfg = Release|x86
		{910BEB1F-BB90-41ED-AE0D-B8ED455E7502}.Release|Mixed Platforms.ActiveCfg = Release|x86
		{910BEB1F-BB90-41ED-AE0D-B8ED455E7502}.Release|Mixed Platforms.Build.0 = Release|x86
		{910BEB1F-BB90-41ED-AE0D-B8ED455E7502}.Release|x86.ActiveCfg = Release|x86
		{910BEB1F-BB90-41ED-AE0D-B8ED455E7502}.Release|x86.Build.0 = Release|x86
		{910BEB1F-BB90-41ED-AE0D-B8ED455E7502}.ReleaseEnhance|Any CPU.ActiveCfg = Release|x86
		{910BEB1F-BB90-41ED-AE0D-B8ED455E7502}.ReleaseEnhance|Mixed Platforms.ActiveCfg = Release|x86
		{910BEB1F-BB90-41ED-AE0D-B8ED455E7502}.ReleaseEnhance|Mixed Platforms.Build.0 = Release|x86
		{910BEB1F-BB90-41ED-AE0D-B8ED455E7502}.ReleaseEnhance|x86.ActiveCfg = Release|x86
		{910BEB1F-BB90-41ED-AE0D-B8ED455E7502}.ReleaseEnhance|x86.Build.0 = Release|x86
	EndGlobalSection
	GlobalSection(SolutionProperties) = preSolution
		HideSolutionNode = FALSE
	EndGlobalSection
EndGlobal
